{
    "version": 3,
    "terraform_version": "0.11.10",
    "serial": 13,
    "lineage": "d1a6b517-099e-7dcd-c338-54f5e90328ea",
    "modules": [
        {
            "path": [
                "root"
            ],
            "outputs": {},
            "resources": {
                "openstack_compute_instance_v2.instance_db": {
                    "type": "openstack_compute_instance_v2",
                    "depends_on": [
                        "openstack_networking_secgroup_v2.secgroup_db"
                    ],
                    "primary": {
                        "id": "ef56f887-ba89-4c0c-a475-684148c5458b",
                        "attributes": {
                            "access_ip_v4": "172.16.4.41",
                            "access_ip_v6": "",
                            "all_metadata.%": "0",
                            "availability_zone": "nova",
                            "flavor_id": "0ff2705f-a6b5-4709-af68-7bac4e711d16",
                            "flavor_name": "std6",
                            "force_delete": "false",
                            "id": "ef56f887-ba89-4c0c-a475-684148c5458b",
                            "image_id": "074263c3-fa70-41d7-88a6-ed83eca7dc03",
                            "image_name": "Centos7-1805",
                            "key_pair": "DEVOPS-ADMIN",
                            "name": "terraform-instance-db",
                            "network.#": "1",
                            "network.0.access_network": "false",
                            "network.0.fixed_ip_v4": "172.16.4.41",
                            "network.0.fixed_ip_v6": "",
                            "network.0.floating_ip": "",
                            "network.0.mac": "fa:16:3e:9b:14:c6",
                            "network.0.name": "ExternalNet-V7",
                            "network.0.port": "",
                            "network.0.uuid": "dff9ba23-6283-47da-bba7-2abe018c678e",
                            "power_state": "active",
                            "region": "RegionOne",
                            "security_groups.#": "1",
                            "security_groups.3467220515": "secgroup-db",
                            "stop_before_destroy": "false"
                        },
                        "meta": {
                            "e2bfb730-ecaa-11e6-8f88-34363bc7c4c0": {
                                "create": 1800000000000,
                                "delete": 1800000000000,
                                "update": 1800000000000
                            }
                        },
                        "tainted": false
                    },
                    "deposed": [],
                    "provider": "provider.openstack"
                },
                "openstack_compute_instance_v2.instance_web": {
                    "type": "openstack_compute_instance_v2",
                    "depends_on": [
                        "openstack_compute_instance_v2.instance_db",
                        "openstack_networking_secgroup_v2.secgroup_web"
                    ],
                    "primary": {
                        "id": "cc76b2ce-4a8c-44f3-9422-2477fe2c3b14",
                        "attributes": {
                            "access_ip_v4": "172.16.4.37",
                            "access_ip_v6": "",
                            "all_metadata.%": "0",
                            "availability_zone": "nova",
                            "flavor_id": "0ff2705f-a6b5-4709-af68-7bac4e711d16",
                            "flavor_name": "std6",
                            "force_delete": "false",
                            "id": "cc76b2ce-4a8c-44f3-9422-2477fe2c3b14",
                            "image_id": "074263c3-fa70-41d7-88a6-ed83eca7dc03",
                            "image_name": "Centos7-1805",
                            "key_pair": "DEVOPS-ADMIN",
                            "name": "terraform-instance-web",
                            "network.#": "1",
                            "network.0.access_network": "false",
                            "network.0.fixed_ip_v4": "172.16.4.37",
                            "network.0.fixed_ip_v6": "",
                            "network.0.floating_ip": "",
                            "network.0.mac": "fa:16:3e:47:d5:f8",
                            "network.0.name": "ExternalNet-V7",
                            "network.0.port": "",
                            "network.0.uuid": "dff9ba23-6283-47da-bba7-2abe018c678e",
                            "power_state": "active",
                            "region": "RegionOne",
                            "security_groups.#": "1",
                            "security_groups.2184625395": "secgroup-web",
                            "stop_before_destroy": "false"
                        },
                        "meta": {
                            "e2bfb730-ecaa-11e6-8f88-34363bc7c4c0": {
                                "create": 1800000000000,
                                "delete": 1800000000000,
                                "update": 1800000000000
                            }
                        },
                        "tainted": false
                    },
                    "deposed": [],
                    "provider": "provider.openstack"
                },
                "openstack_networking_secgroup_rule_v2.secgroup_db_rule_ssh": {
                    "type": "openstack_networking_secgroup_rule_v2",
                    "depends_on": [
                        "openstack_networking_secgroup_v2.secgroup_db"
                    ],
                    "primary": {
                        "id": "7e052db1-4cd5-4b57-a752-0bb5944d2186",
                        "attributes": {
                            "description": "",
                            "direction": "ingress",
                            "ethertype": "IPv4",
                            "id": "7e052db1-4cd5-4b57-a752-0bb5944d2186",
                            "port_range_max": "22",
                            "port_range_min": "22",
                            "protocol": "tcp",
                            "region": "RegionOne",
                            "remote_group_id": "",
                            "remote_ip_prefix": "0.0.0.0/0",
                            "security_group_id": "e7d909ca-e872-4bd4-93ab-6bb428d981e9",
                            "tenant_id": "b5c8e81055ba423bb34cbc0491c4f8f1"
                        },
                        "meta": {
                            "e2bfb730-ecaa-11e6-8f88-34363bc7c4c0": {
                                "delete": 600000000000
                            }
                        },
                        "tainted": false
                    },
                    "deposed": [],
                    "provider": "provider.openstack"
                },
                "openstack_networking_secgroup_rule_v2.secgroup_web_rule_http": {
                    "type": "openstack_networking_secgroup_rule_v2",
                    "depends_on": [
                        "openstack_networking_secgroup_v2.secgroup_web"
                    ],
                    "primary": {
                        "id": "96cad00e-2a59-4db5-bcaf-9a229f79f6f4",
                        "attributes": {
                            "description": "",
                            "direction": "ingress",
                            "ethertype": "IPv4",
                            "id": "96cad00e-2a59-4db5-bcaf-9a229f79f6f4",
                            "port_range_max": "80",
                            "port_range_min": "80",
                            "protocol": "tcp",
                            "region": "RegionOne",
                            "remote_group_id": "",
                            "remote_ip_prefix": "0.0.0.0/0",
                            "security_group_id": "79351ad0-f5d0-49df-a134-8f5fb17ad963",
                            "tenant_id": "b5c8e81055ba423bb34cbc0491c4f8f1"
                        },
                        "meta": {
                            "e2bfb730-ecaa-11e6-8f88-34363bc7c4c0": {
                                "delete": 600000000000
                            }
                        },
                        "tainted": false
                    },
                    "deposed": [],
                    "provider": "provider.openstack"
                },
                "openstack_networking_secgroup_rule_v2.secgroup_web_rule_ssh": {
                    "type": "openstack_networking_secgroup_rule_v2",
                    "depends_on": [
                        "openstack_networking_secgroup_v2.secgroup_web"
                    ],
                    "primary": {
                        "id": "7e0bb791-c075-49a6-96bf-fa45733c7a6e",
                        "attributes": {
                            "description": "",
                            "direction": "ingress",
                            "ethertype": "IPv4",
                            "id": "7e0bb791-c075-49a6-96bf-fa45733c7a6e",
                            "port_range_max": "22",
                            "port_range_min": "22",
                            "protocol": "tcp",
                            "region": "RegionOne",
                            "remote_group_id": "",
                            "remote_ip_prefix": "0.0.0.0/0",
                            "security_group_id": "79351ad0-f5d0-49df-a134-8f5fb17ad963",
                            "tenant_id": "b5c8e81055ba423bb34cbc0491c4f8f1"
                        },
                        "meta": {
                            "e2bfb730-ecaa-11e6-8f88-34363bc7c4c0": {
                                "delete": 600000000000
                            }
                        },
                        "tainted": false
                    },
                    "deposed": [],
                    "provider": "provider.openstack"
                },
                "openstack_networking_secgroup_v2.secgroup_db": {
                    "type": "openstack_networking_secgroup_v2",
                    "depends_on": [],
                    "primary": {
                        "id": "e7d909ca-e872-4bd4-93ab-6bb428d981e9",
                        "attributes": {
                            "description": "Data Base security group",
                            "id": "e7d909ca-e872-4bd4-93ab-6bb428d981e9",
                            "name": "secgroup-db",
                            "region": "RegionOne",
                            "tags.#": "0",
                            "tenant_id": "b5c8e81055ba423bb34cbc0491c4f8f1"
                        },
                        "meta": {
                            "e2bfb730-ecaa-11e6-8f88-34363bc7c4c0": {
                                "delete": 600000000000
                            }
                        },
                        "tainted": false
                    },
                    "deposed": [],
                    "provider": "provider.openstack"
                },
                "openstack_networking_secgroup_v2.secgroup_web": {
                    "type": "openstack_networking_secgroup_v2",
                    "depends_on": [],
                    "primary": {
                        "id": "79351ad0-f5d0-49df-a134-8f5fb17ad963",
                        "attributes": {
                            "description": "Web Server security group",
                            "id": "79351ad0-f5d0-49df-a134-8f5fb17ad963",
                            "name": "secgroup-web",
                            "region": "RegionOne",
                            "tags.#": "0",
                            "tenant_id": "b5c8e81055ba423bb34cbc0491c4f8f1"
                        },
                        "meta": {
                            "e2bfb730-ecaa-11e6-8f88-34363bc7c4c0": {
                                "delete": 600000000000
                            }
                        },
                        "tainted": false
                    },
                    "deposed": [],
                    "provider": "provider.openstack"
                }
            },
            "depends_on": []
        }
    ]
}
